
Microsoft Visual Studio Solution File, Format Version 12.00
# Visual Studio Version 16
VisualStudioVersion = 16.0.30804.86
MinimumVisualStudioVersion = 10.0.40219.1
Project("{FAE04EC0-301F-11D3-BF4B-00C04F79EFBC}") = "CubeRotate", "CubeRotate\CubeRotate.csproj", "{358CF371-72C5-4B57-93F7-74618BC93A7C}"
EndProject
Global
	GlobalSection(SolutionConfigurationPlatforms) = preSolution
		Debug|Any CPU = Debug|Any CPU
		Release|Any CPU = Release|Any CPU
	EndGlobalSection
	GlobalSection(ProjectConfigurationPlatforms) = postSolution
		{358CF371-72C5-4B57-93F7-74618BC93A7C}.Debug|Any CPU.ActiveCfg = Debug|Any CPU
		{358CF371-72C5-4B57-93F7-74618BC93A7C}.Debug|Any CPU.Build.0 = Debug|Any CPU
		{358CF371-72C5-4B57-93F7-74618BC93A7C}.Release|Any CPU.ActiveCfg = Release|Any CPU
		{358CF371-72C5-4B57-93F7-74618BC93A7C}.Release|Any CPU.Build.0 = Release|Any CPU
	EndGlobalSection
	GlobalSection(SolutionProperties) = preSolution
		HideSolutionNode = FALSE
	EndGlobalSection
	GlobalSection(ExtensibilityGlobals) = postSolution
		SolutionGuid = {BBB970DA-12A4-4EF0-AF88-9785D4C4EC7A}
	EndGlobalSection
EndGlobal
